// !$*UTF8*$!
{
	archiveVersion = 1;
	classes = {
	};
	objectVersion = 50;
	objects = {

/* Begin PBXBuildFile section */
		00023BC77761081B33C5D106 /* Pods_BeApp_Bicloo.framework in Frameworks */ = {isa = PBXBuildFile; fileRef = F976549037324DC73E5C67EA /* Pods_BeApp_Bicloo.framework */; };
		710B4DD820C5CFA900A89744 /* AppDelegate.swift in Sources */ = {isa = PBXBuildFile; fileRef = 710B4DD720C5CFA900A89744 /* AppDelegate.swift */; };
		710B4DDA20C5CFA900A89744 /* SearchViewController.swift in Sources */ = {isa = PBXBuildFile; fileRef = 710B4DD920C5CFA900A89744 /* SearchViewController.swift */; };
		710B4DDD20C5CFA900A89744 /* SearchView.storyboard in Resources */ = {isa = PBXBuildFile; fileRef = 710B4DDB20C5CFA900A89744 /* SearchView.storyboard */; };
		710B4DE520C5CFAC00A89744 /* LaunchScreen.storyboard in Resources */ = {isa = PBXBuildFile; fileRef = 710B4DE320C5CFAC00A89744 /* LaunchScreen.storyboard */; };
		710B4DF020C5CFAC00A89744 /* BeApp_BiclooTests.swift in Sources */ = {isa = PBXBuildFile; fileRef = 710B4DEF20C5CFAC00A89744 /* BeApp_BiclooTests.swift */; };
		710B4DFB20C5CFAC00A89744 /* BeApp_BiclooUITests.swift in Sources */ = {isa = PBXBuildFile; fileRef = 710B4DFA20C5CFAC00A89744 /* BeApp_BiclooUITests.swift */; };
		710B4E0D20C5D0C200A89744 /* DetailView.storyboard in Resources */ = {isa = PBXBuildFile; fileRef = 710B4E0C20C5D0C200A89744 /* DetailView.storyboard */; };
		710B4E1020C5D0EB00A89744 /* DetailViewController.swift in Sources */ = {isa = PBXBuildFile; fileRef = 710B4E0F20C5D0EB00A89744 /* DetailViewController.swift */; };
		713CE8FB20C7017E0048C004 /* BikeStationCell.swift in Sources */ = {isa = PBXBuildFile; fileRef = 713CE8F920C7017E0048C004 /* BikeStationCell.swift */; };
		713CE8FC20C7017E0048C004 /* BikeStationCell.xib in Resources */ = {isa = PBXBuildFile; fileRef = 713CE8FA20C7017E0048C004 /* BikeStationCell.xib */; };
		713CE8FF20C7265F0048C004 /* CustomImageView.swift in Sources */ = {isa = PBXBuildFile; fileRef = 713CE8FE20C7265F0048C004 /* CustomImageView.swift */; };
		71B0072820C6807800362F70 /* StationData.swift in Sources */ = {isa = PBXBuildFile; fileRef = 71B0072720C6807800362F70 /* StationData.swift */; };
		71B0073120C6A63300362F70 /* SegmentedControlCell.swift in Sources */ = {isa = PBXBuildFile; fileRef = 71B0072F20C6A63300362F70 /* SegmentedControlCell.swift */; };
		71B0073220C6A63300362F70 /* SegmentedControlCell.xib in Resources */ = {isa = PBXBuildFile; fileRef = 71B0073020C6A63300362F70 /* SegmentedControlCell.xib */; };
		71B31A6520C5D59500B2F0FC /* DataManager.swift in Sources */ = {isa = PBXBuildFile; fileRef = 71B31A6420C5D59500B2F0FC /* DataManager.swift */; };
		71B31A6820C5D63100B2F0FC /* BikeStation.swift in Sources */ = {isa = PBXBuildFile; fileRef = 71B31A6720C5D63100B2F0FC /* BikeStation.swift */; };
		71F27DB120C966DB004FFA2B /* MessagePopUp.swift in Sources */ = {isa = PBXBuildFile; fileRef = 71F27DB020C966DB004FFA2B /* MessagePopUp.swift */; };
		71F27DB320C98B7A004FFA2B /* Assets.xcassets in Resources */ = {isa = PBXBuildFile; fileRef = 71F27DB220C98B7A004FFA2B /* Assets.xcassets */; };
		F646DC9158C473E719C5AB7A /* Pods_BeApp_BiclooUITests.framework in Frameworks */ = {isa = PBXBuildFile; fileRef = 4830F0DBF5FCA277DB699C29 /* Pods_BeApp_BiclooUITests.framework */; };
		F735C6D00FEE28BA38BAD660 /* Pods_BeApp_BiclooTests.framework in Frameworks */ = {isa = PBXBuildFile; fileRef = 331C568E9D0EB1954E9849F0 /* Pods_BeApp_BiclooTests.framework */; };
/* End PBXBuildFile section */

/* Begin PBXContainerItemProxy section */
		710B4DEC20C5CFAC00A89744 /* PBXContainerItemProxy */ = {
			isa = PBXContainerItemProxy;
			containerPortal = 710B4DCC20C5CFA900A89744 /* Project object */;
			proxyType = 1;
			remoteGlobalIDString = 710B4DD320C5CFA900A89744;
			remoteInfo = BeApp_Bicloo;
		};
		710B4DF720C5CFAC00A89744 /* PBXContainerItemProxy */ = {
			isa = PBXContainerItemProxy;
			containerPortal = 710B4DCC20C5CFA900A89744 /* Project object */;
			proxyType = 1;
			remoteGlobalIDString = 710B4DD320C5CFA900A89744;
			remoteInfo = BeApp_Bicloo;
		};
/* End PBXContainerItemProxy section */

/* Begin PBXFileReference section */
		12192E0B84D8FA2AC32FE93C /* Pods-BeApp_BiclooTests.release.xcconfig */ = {isa = PBXFileReference; includeInIndex = 1; lastKnownFileType = text.xcconfig; name = "Pods-BeApp_BiclooTests.release.xcconfig"; path = "Pods/Target Support Files/Pods-BeApp_BiclooTests/Pods-BeApp_BiclooTests.release.xcconfig"; sourceTree = "<group>"; };
		331C568E9D0EB1954E9849F0 /* Pods_BeApp_BiclooTests.framework */ = {isa = PBXFileReference; explicitFileType = wrapper.framework; includeInIndex = 0; path = Pods_BeApp_BiclooTests.framework; sourceTree = BUILT_PRODUCTS_DIR; };
		4830F0DBF5FCA277DB699C29 /* Pods_BeApp_BiclooUITests.framework */ = {isa = PBXFileReference; explicitFileType = wrapper.framework; includeInIndex = 0; path = Pods_BeApp_BiclooUITests.framework; sourceTree = BUILT_PRODUCTS_DIR; };
		527099A97BE19B63E5A84E72 /* Pods-BeApp_BiclooUITests.debug.xcconfig */ = {isa = PBXFileReference; includeInIndex = 1; lastKnownFileType = text.xcconfig; name = "Pods-BeApp_BiclooUITests.debug.xcconfig"; path = "Pods/Target Support Files/Pods-BeApp_BiclooUITests/Pods-BeApp_BiclooUITests.debug.xcconfig"; sourceTree = "<group>"; };
		710B4DD420C5CFA900A89744 /* BeApp_Bicloo.app */ = {isa = PBXFileReference; explicitFileType = wrapper.application; includeInIndex = 0; path = BeApp_Bicloo.app; sourceTree = BUILT_PRODUCTS_DIR; };
		710B4DD720C5CFA900A89744 /* AppDelegate.swift */ = {isa = PBXFileReference; lastKnownFileType = sourcecode.swift; path = AppDelegate.swift; sourceTree = "<group>"; };
		710B4DD920C5CFA900A89744 /* SearchViewController.swift */ = {isa = PBXFileReference; lastKnownFileType = sourcecode.swift; path = SearchViewController.swift; sourceTree = "<group>"; };
		710B4DDC20C5CFA900A89744 /* Base */ = {isa = PBXFileReference; lastKnownFileType = file.storyboard; name = Base; path = Base.lproj/SearchView.storyboard; sourceTree = "<group>"; };
		710B4DE420C5CFAC00A89744 /* Base */ = {isa = PBXFileReference; lastKnownFileType = file.storyboard; name = Base; path = Base.lproj/LaunchScreen.storyboard; sourceTree = "<group>"; };
		710B4DE620C5CFAC00A89744 /* Info.plist */ = {isa = PBXFileReference; lastKnownFileType = text.plist.xml; path = Info.plist; sourceTree = "<group>"; };
		710B4DEB20C5CFAC00A89744 /* BeApp_BiclooTests.xctest */ = {isa = PBXFileReference; explicitFileType = wrapper.cfbundle; includeInIndex = 0; path = BeApp_BiclooTests.xctest; sourceTree = BUILT_PRODUCTS_DIR; };
		710B4DEF20C5CFAC00A89744 /* BeApp_BiclooTests.swift */ = {isa = PBXFileReference; lastKnownFileType = sourcecode.swift; path = BeApp_BiclooTests.swift; sourceTree = "<group>"; };
		710B4DF120C5CFAC00A89744 /* Info.plist */ = {isa = PBXFileReference; lastKnownFileType = text.plist.xml; path = Info.plist; sourceTree = "<group>"; };
		710B4DF620C5CFAC00A89744 /* BeApp_BiclooUITests.xctest */ = {isa = PBXFileReference; explicitFileType = wrapper.cfbundle; includeInIndex = 0; path = BeApp_BiclooUITests.xctest; sourceTree = BUILT_PRODUCTS_DIR; };
		710B4DFA20C5CFAC00A89744 /* BeApp_BiclooUITests.swift */ = {isa = PBXFileReference; lastKnownFileType = sourcecode.swift; path = BeApp_BiclooUITests.swift; sourceTree = "<group>"; };
		710B4DFC20C5CFAC00A89744 /* Info.plist */ = {isa = PBXFileReference; lastKnownFileType = text.plist.xml; path = Info.plist; sourceTree = "<group>"; };
		710B4E0C20C5D0C200A89744 /* DetailView.storyboard */ = {isa = PBXFileReference; lastKnownFileType = file.storyboard; path = DetailView.storyboard; sourceTree = "<group>"; };
		710B4E0F20C5D0EB00A89744 /* DetailViewController.swift */ = {isa = PBXFileReference; lastKnownFileType = sourcecode.swift; path = DetailViewController.swift; sourceTree = "<group>"; };
		713CE8F920C7017E0048C004 /* BikeStationCell.swift */ = {isa = PBXFileReference; lastKnownFileType = sourcecode.swift; path = BikeStationCell.swift; sourceTree = "<group>"; };
		713CE8FA20C7017E0048C004 /* BikeStationCell.xib */ = {isa = PBXFileReference; lastKnownFileType = file.xib; path = BikeStationCell.xib; sourceTree = "<group>"; };
		713CE8FE20C7265F0048C004 /* CustomImageView.swift */ = {isa = PBXFileReference; lastKnownFileType = sourcecode.swift; path = CustomImageView.swift; sourceTree = "<group>"; };
		71B0072720C6807800362F70 /* StationData.swift */ = {isa = PBXFileReference; lastKnownFileType = sourcecode.swift; path = StationData.swift; sourceTree = "<group>"; };
		71B0072F20C6A63300362F70 /* SegmentedControlCell.swift */ = {isa = PBXFileReference; lastKnownFileType = sourcecode.swift; path = SegmentedControlCell.swift; sourceTree = "<group>"; };
		71B0073020C6A63300362F70 /* SegmentedControlCell.xib */ = {isa = PBXFileReference; lastKnownFileType = file.xib; path = SegmentedControlCell.xib; sourceTree = "<group>"; };
		71B31A6420C5D59500B2F0FC /* DataManager.swift */ = {isa = PBXFileReference; lastKnownFileType = sourcecode.swift; path = DataManager.swift; sourceTree = "<group>"; };
		71B31A6720C5D63100B2F0FC /* BikeStation.swift */ = {isa = PBXFileReference; lastKnownFileType = sourcecode.swift; path = BikeStation.swift; sourceTree = "<group>"; };
		71F27DB020C966DB004FFA2B /* MessagePopUp.swift */ = {isa = PBXFileReference; fileEncoding = 4; lastKnownFileType = sourcecode.swift; path = MessagePopUp.swift; sourceTree = "<group>"; };
		71F27DB220C98B7A004FFA2B /* Assets.xcassets */ = {isa = PBXFileReference; lastKnownFileType = folder.assetcatalog; path = Assets.xcassets; sourceTree = "<group>"; };
		7367471C1FDAEAF09C7803A7 /* Pods-BeApp_Bicloo.release.xcconfig */ = {isa = PBXFileReference; includeInIndex = 1; lastKnownFileType = text.xcconfig; name = "Pods-BeApp_Bicloo.release.xcconfig"; path = "Pods/Target Support Files/Pods-BeApp_Bicloo/Pods-BeApp_Bicloo.release.xcconfig"; sourceTree = "<group>"; };
		B10EA47FCEE27E76AB1F1EB0 /* Pods-BeApp_BiclooTests.debug.xcconfig */ = {isa = PBXFileReference; includeInIndex = 1; lastKnownFileType = text.xcconfig; name = "Pods-BeApp_BiclooTests.debug.xcconfig"; path = "Pods/Target Support Files/Pods-BeApp_BiclooTests/Pods-BeApp_BiclooTests.debug.xcconfig"; sourceTree = "<group>"; };
		C04920348C93DFCDE86D4365 /* Pods-BeApp_Bicloo.debug.xcconfig */ = {isa = PBXFileReference; includeInIndex = 1; lastKnownFileType = text.xcconfig; name = "Pods-BeApp_Bicloo.debug.xcconfig"; path = "Pods/Target Support Files/Pods-BeApp_Bicloo/Pods-BeApp_Bicloo.debug.xcconfig"; sourceTree = "<group>"; };
		E9511677AFDFF2ABB704044A /* Pods-BeApp_BiclooUITests.release.xcconfig */ = {isa = PBXFileReference; includeInIndex = 1; lastKnownFileType = text.xcconfig; name = "Pods-BeApp_BiclooUITests.release.xcconfig"; path = "Pods/Target Support Files/Pods-BeApp_BiclooUITests/Pods-BeApp_BiclooUITests.release.xcconfig"; sourceTree = "<group>"; };
		F976549037324DC73E5C67EA /* Pods_BeApp_Bicloo.framework */ = {isa = PBXFileReference; explicitFileType = wrapper.framework; includeInIndex = 0; path = Pods_BeApp_Bicloo.framework; sourceTree = BUILT_PRODUCTS_DIR; };
/* End PBXFileReference section */

/* Begin PBXFrameworksBuildPhase section */
		710B4DD120C5CFA900A89744 /* Frameworks */ = {
			isa = PBXFrameworksBuildPhase;
			buildActionMask = 2147483647;
			files = (
				00023BC77761081B33C5D106 /* Pods_BeApp_Bicloo.framework in Frameworks */,
			);
			runOnlyForDeploymentPostprocessing = 0;
		};
		710B4DE820C5CFAC00A89744 /* Frameworks */ = {
			isa = PBXFrameworksBuildPhase;
			buildActionMask = 2147483647;
			files = (
				F735C6D00FEE28BA38BAD660 /* Pods_BeApp_BiclooTests.framework in Frameworks */,
			);
			runOnlyForDeploymentPostprocessing = 0;
		};
		710B4DF320C5CFAC00A89744 /* Frameworks */ = {
			isa = PBXFrameworksBuildPhase;
			buildActionMask = 2147483647;
			files = (
				F646DC9158C473E719C5AB7A /* Pods_BeApp_BiclooUITests.framework in Frameworks */,
			);
			runOnlyForDeploymentPostprocessing = 0;
		};
/* End PBXFrameworksBuildPhase section */

/* Begin PBXGroup section */
		3EDBE76BCD9B2654D7D8213A /* Pods */ = {
			isa = PBXGroup;
			children = (
				C04920348C93DFCDE86D4365 /* Pods-BeApp_Bicloo.debug.xcconfig */,
				7367471C1FDAEAF09C7803A7 /* Pods-BeApp_Bicloo.release.xcconfig */,
				B10EA47FCEE27E76AB1F1EB0 /* Pods-BeApp_BiclooTests.debug.xcconfig */,
				12192E0B84D8FA2AC32FE93C /* Pods-BeApp_BiclooTests.release.xcconfig */,
				527099A97BE19B63E5A84E72 /* Pods-BeApp_BiclooUITests.debug.xcconfig */,
				E9511677AFDFF2ABB704044A /* Pods-BeApp_BiclooUITests.release.xcconfig */,
			);
			name = Pods;
			sourceTree = "<group>";
		};
		43B853B5B86504EA94849D21 /* Frameworks */ = {
			isa = PBXGroup;
			children = (
				F976549037324DC73E5C67EA /* Pods_BeApp_Bicloo.framework */,
				331C568E9D0EB1954E9849F0 /* Pods_BeApp_BiclooTests.framework */,
				4830F0DBF5FCA277DB699C29 /* Pods_BeApp_BiclooUITests.framework */,
			);
			name = Frameworks;
			sourceTree = "<group>";
		};
		710B4DCB20C5CFA900A89744 = {
			isa = PBXGroup;
			children = (
				710B4DD620C5CFA900A89744 /* BeApp_Bicloo */,
				710B4DEE20C5CFAC00A89744 /* BeApp_BiclooTests */,
				710B4DF920C5CFAC00A89744 /* BeApp_BiclooUITests */,
				710B4DD520C5CFA900A89744 /* Products */,
				3EDBE76BCD9B2654D7D8213A /* Pods */,
				43B853B5B86504EA94849D21 /* Frameworks */,
			);
			sourceTree = "<group>";
		};
		710B4DD520C5CFA900A89744 /* Products */ = {
			isa = PBXGroup;
			children = (
				710B4DD420C5CFA900A89744 /* BeApp_Bicloo.app */,
				710B4DEB20C5CFAC00A89744 /* BeApp_BiclooTests.xctest */,
				710B4DF620C5CFAC00A89744 /* BeApp_BiclooUITests.xctest */,
			);
			name = Products;
			sourceTree = "<group>";
		};
		710B4DD620C5CFA900A89744 /* BeApp_Bicloo */ = {
			isa = PBXGroup;
			children = (
				710B4DD720C5CFA900A89744 /* AppDelegate.swift */,
				71B31A6320C5D56700B2F0FC /* Manager */,
				71B31A6620C5D60D00B2F0FC /* Model */,
				710B4E0920C5D03A00A89744 /* SearchView */,
				710B4E0A20C5D04900A89744 /* DetailView */,
				713CE8FD20C7263E0048C004 /* CustomUI */,
				710B4E0820C5CFDE00A89744 /* Ressources */,
			);
			path = BeApp_Bicloo;
			sourceTree = "<group>";
		};
		710B4DEE20C5CFAC00A89744 /* BeApp_BiclooTests */ = {
			isa = PBXGroup;
			children = (
				710B4DEF20C5CFAC00A89744 /* BeApp_BiclooTests.swift */,
				710B4DF120C5CFAC00A89744 /* Info.plist */,
			);
			path = BeApp_BiclooTests;
			sourceTree = "<group>";
		};
		710B4DF920C5CFAC00A89744 /* BeApp_BiclooUITests */ = {
			isa = PBXGroup;
			children = (
				710B4DFA20C5CFAC00A89744 /* BeApp_BiclooUITests.swift */,
				710B4DFC20C5CFAC00A89744 /* Info.plist */,
			);
			path = BeApp_BiclooUITests;
			sourceTree = "<group>";
		};
		710B4E0820C5CFDE00A89744 /* Ressources */ = {
			isa = PBXGroup;
			children = (
				71F27DB220C98B7A004FFA2B /* Assets.xcassets */,
				710B4DE320C5CFAC00A89744 /* LaunchScreen.storyboard */,
				710B4DE620C5CFAC00A89744 /* Info.plist */,
			);
			path = Ressources;
			sourceTree = "<group>";
		};
		710B4E0920C5D03A00A89744 /* SearchView */ = {
			isa = PBXGroup;
			children = (
				710B4DDB20C5CFA900A89744 /* SearchView.storyboard */,
				710B4E0B20C5D06200A89744 /* Controller */,
			);
			path = SearchView;
			sourceTree = "<group>";
		};
		710B4E0A20C5D04900A89744 /* DetailView */ = {
			isa = PBXGroup;
			children = (
				710B4E0C20C5D0C200A89744 /* DetailView.storyboard */,
				710B4E0E20C5D0C600A89744 /* Controller */,
			);
			path = DetailView;
			sourceTree = "<group>";
		};
		710B4E0B20C5D06200A89744 /* Controller */ = {
			isa = PBXGroup;
			children = (
				710B4DD920C5CFA900A89744 /* SearchViewController.swift */,
				71B0072A20C6A5CE00362F70 /* Cell */,
			);
			path = Controller;
			sourceTree = "<group>";
		};
		710B4E0E20C5D0C600A89744 /* Controller */ = {
			isa = PBXGroup;
			children = (
				710B4E0F20C5D0EB00A89744 /* DetailViewController.swift */,
			);
			path = Controller;
			sourceTree = "<group>";
		};
		713CE8FD20C7263E0048C004 /* CustomUI */ = {
			isa = PBXGroup;
			children = (
				713CE8FE20C7265F0048C004 /* CustomImageView.swift */,
			);
			path = CustomUI;
			sourceTree = "<group>";
		};
		71B0072A20C6A5CE00362F70 /* Cell */ = {
			isa = PBXGroup;
			children = (
				71B0072F20C6A63300362F70 /* SegmentedControlCell.swift */,
				71B0073020C6A63300362F70 /* SegmentedControlCell.xib */,
				713CE8F920C7017E0048C004 /* BikeStationCell.swift */,
				713CE8FA20C7017E0048C004 /* BikeStationCell.xib */,
			);
			path = Cell;
			sourceTree = "<group>";
		};
		71B31A6320C5D56700B2F0FC /* Manager */ = {
			isa = PBXGroup;
			children = (
				71B31A6420C5D59500B2F0FC /* DataManager.swift */,
			);
			path = Manager;
			sourceTree = "<group>";
		};
		71B31A6620C5D60D00B2F0FC /* Model */ = {
			isa = PBXGroup;
			children = (
				71F27DB020C966DB004FFA2B /* MessagePopUp.swift */,
				71B31A6720C5D63100B2F0FC /* BikeStation.swift */,
				71B0072720C6807800362F70 /* StationData.swift */,
			);
			path = Model;
			sourceTree = "<group>";
		};
/* End PBXGroup section */

/* Begin PBXNativeTarget section */
		710B4DD320C5CFA900A89744 /* BeApp_Bicloo */ = {
			isa = PBXNativeTarget;
			buildConfigurationList = 710B4DFF20C5CFAC00A89744 /* Build configuration list for PBXNativeTarget "BeApp_Bicloo" */;
			buildPhases = (
				2EB6D212DC92BAB95A5FECDE /* [CP] Check Pods Manifest.lock */,
				710B4DD020C5CFA900A89744 /* Sources */,
				710B4DD120C5CFA900A89744 /* Frameworks */,
				710B4DD220C5CFA900A89744 /* Resources */,
				E33D37DBAA958796C0C31F7E /* [CP] Embed Pods Frameworks */,
			);
			buildRules = (
			);
			dependencies = (
			);
			name = BeApp_Bicloo;
			productName = BeApp_Bicloo;
			productReference = 710B4DD420C5CFA900A89744 /* BeApp_Bicloo.app */;
			productType = "com.apple.product-type.application";
		};
		710B4DEA20C5CFAC00A89744 /* BeApp_BiclooTests */ = {
			isa = PBXNativeTarget;
			buildConfigurationList = 710B4E0220C5CFAC00A89744 /* Build configuration list for PBXNativeTarget "BeApp_BiclooTests" */;
			buildPhases = (
				844997CE92DBB356D548EF5F /* [CP] Check Pods Manifest.lock */,
				710B4DE720C5CFAC00A89744 /* Sources */,
				710B4DE820C5CFAC00A89744 /* Frameworks */,
				710B4DE920C5CFAC00A89744 /* Resources */,
			);
			buildRules = (
			);
			dependencies = (
				710B4DED20C5CFAC00A89744 /* PBXTargetDependency */,
			);
			name = BeApp_BiclooTests;
			productName = BeApp_BiclooTests;
			productReference = 710B4DEB20C5CFAC00A89744 /* BeApp_BiclooTests.xctest */;
			productType = "com.apple.product-type.bundle.unit-test";
		};
		710B4DF520C5CFAC00A89744 /* BeApp_BiclooUITests */ = {
			isa = PBXNativeTarget;
			buildConfigurationList = 710B4E0520C5CFAC00A89744 /* Build configuration list for PBXNativeTarget "BeApp_BiclooUITests" */;
			buildPhases = (
				D281D8F8E20E8B37D0C57301 /* [CP] Check Pods Manifest.lock */,
				710B4DF220C5CFAC00A89744 /* Sources */,
				710B4DF320C5CFAC00A89744 /* Frameworks */,
				710B4DF420C5CFAC00A89744 /* Resources */,
			);
			buildRules = (
			);
			dependencies = (
				710B4DF820C5CFAC00A89744 /* PBXTargetDependency */,
			);
			name = BeApp_BiclooUITests;
			productName = BeApp_BiclooUITests;
			productReference = 710B4DF620C5CFAC00A89744 /* BeApp_BiclooUITests.xctest */;
			productType = "com.apple.product-type.bundle.ui-testing";
		};
/* End PBXNativeTarget section */

/* Begin PBXProject section */
		710B4DCC20C5CFA900A89744 /* Project object */ = {
			isa = PBXProject;
			attributes = {
				LastSwiftUpdateCheck = 0930;
				LastUpgradeCheck = 0930;
				ORGANIZATIONNAME = "Richeux Antoine";
				TargetAttributes = {
					710B4DD320C5CFA900A89744 = {
						CreatedOnToolsVersion = 9.3;
					};
					710B4DEA20C5CFAC00A89744 = {
						CreatedOnToolsVersion = 9.3;
						TestTargetID = 710B4DD320C5CFA900A89744;
					};
					710B4DF520C5CFAC00A89744 = {
						CreatedOnToolsVersion = 9.3;
						TestTargetID = 710B4DD320C5CFA900A89744;
					};
				};
			};
			buildConfigurationList = 710B4DCF20C5CFA900A89744 /* Build configuration list for PBXProject "BeApp_Bicloo" */;
			compatibilityVersion = "Xcode 9.3";
			developmentRegion = en;
			hasScannedForEncodings = 0;
			knownRegions = (
				en,
				Base,
			);
			mainGroup = 710B4DCB20C5CFA900A89744;
			productRefGroup = 710B4DD520C5CFA900A89744 /* Products */;
			projectDirPath = "";
			projectRoot = "";
			targets = (
				710B4DD320C5CFA900A89744 /* BeApp_Bicloo */,
				710B4DEA20C5CFAC00A89744 /* BeApp_BiclooTests */,
				710B4DF520C5CFAC00A89744 /* BeApp_BiclooUITests */,
			);
		};
/* End PBXProject section */

/* Begin PBXResourcesBuildPhase section */
		710B4DD220C5CFA900A89744 /* Resources */ = {
			isa = PBXResourcesBuildPhase;
			buildActionMask = 2147483647;
			files = (
				713CE8FC20C7017E0048C004 /* BikeStationCell.xib in Resources */,
				71B0073220C6A63300362F70 /* SegmentedControlCell.xib in Resources */,
				710B4DE520C5CFAC00A89744 /* LaunchScreen.storyboard in Resources */,
				710B4E0D20C5D0C200A89744 /* DetailView.storyboard in Resources */,
				71F27DB320C98B7A004FFA2B /* Assets.xcassets in Resources */,
				710B4DDD20C5CFA900A89744 /* SearchView.storyboard in Resources */,
			);
			runOnlyForDeploymentPostprocessing = 0;
		};
		710B4DE920C5CFAC00A89744 /* Resources */ = {
			isa = PBXResourcesBuildPhase;
			buildActionMask = 2147483647;
			files = (
			);
			runOnlyForDeploymentPostprocessing = 0;
		};
		710B4DF420C5CFAC00A89744 /* Resources */ = {
			isa = PBXResourcesBuildPhase;
			buildActionMask = 2147483647;
			files = (
			);
			runOnlyForDeploymentPostprocessing = 0;
		};
/* End PBXResourcesBuildPhase section */

/* Begin PBXShellScriptBuildPhase section */
		2EB6D212DC92BAB95A5FECDE /* [CP] Check Pods Manifest.lock */ = {
			isa = PBXShellScriptBuildPhase;
			buildActionMask = 2147483647;
			files = (
			);
			inputPaths = (
				"${PODS_PODFILE_DIR_PATH}/Podfile.lock",
				"${PODS_ROOT}/Manifest.lock",
			);
			name = "[CP] Check Pods Manifest.lock";
			outputPaths = (
				"$(DERIVED_FILE_DIR)/Pods-BeApp_Bicloo-checkManifestLockResult.txt",
			);
			runOnlyForDeploymentPostprocessing = 0;
			shellPath = /bin/sh;
			shellScript = "diff \"${PODS_PODFILE_DIR_PATH}/Podfile.lock\" \"${PODS_ROOT}/Manifest.lock\" > /dev/null\nif [ $? != 0 ] ; then\n    # print error to STDERR\n    echo \"error: The sandbox is not in sync with the Podfile.lock. Run 'pod install' or update your CocoaPods installation.\" >&2\n    exit 1\nfi\n# This output is used by Xcode 'outputs' to avoid re-running this script phase.\necho \"SUCCESS\" > \"${SCRIPT_OUTPUT_FILE_0}\"\n";
			showEnvVarsInLog = 0;
		};
		844997CE92DBB356D548EF5F /* [CP] Check Pods Manifest.lock */ = {
			isa = PBXShellScriptBuildPhase;
			buildActionMask = 2147483647;
			files = (
			);
			inputPaths = (
				"${PODS_PODFILE_DIR_PATH}/Podfile.lock",
				"${PODS_ROOT}/Manifest.lock",
			);
			name = "[CP] Check Pods Manifest.lock";
			outputPaths = (
				"$(DERIVED_FILE_DIR)/Pods-BeApp_BiclooTests-checkManifestLockResult.txt",
			);
			runOnlyForDeploymentPostprocessing = 0;
			shellPath = /bin/sh;
			shellScript = "diff \"${PODS_PODFILE_DIR_PATH}/Podfile.lock\" \"${PODS_ROOT}/Manifest.lock\" > /dev/null\nif [ $? != 0 ] ; then\n    # print error to STDERR\n    echo \"error: The sandbox is not in sync with the Podfile.lock. Run 'pod install' or update your CocoaPods installation.\" >&2\n    exit 1\nfi\n# This output is used by Xcode 'outputs' to avoid re-running this script phase.\necho \"SUCCESS\" > \"${SCRIPT_OUTPUT_FILE_0}\"\n";
			showEnvVarsInLog = 0;
		};
		D281D8F8E20E8B37D0C57301 /* [CP] Check Pods Manifest.lock */ = {
			isa = PBXShellScriptBuildPhase;
			buildActionMask = 2147483647;
			files = (
			);
			inputPaths = (
				"${PODS_PODFILE_DIR_PATH}/Podfile.lock",
				"${PODS_ROOT}/Manifest.lock",
			);
			name = "[CP] Check Pods Manifest.lock";
			outputPaths = (
				"$(DERIVED_FILE_DIR)/Pods-BeApp_BiclooUITests-checkManifestLockResult.txt",
			);
			runOnlyForDeploymentPostprocessing = 0;
			shellPath = /bin/sh;
			shellScript = "diff \"${PODS_PODFILE_DIR_PATH}/Podfile.lock\" \"${PODS_ROOT}/Manifest.lock\" > /dev/null\nif [ $? != 0 ] ; then\n    # print error to STDERR\n    echo \"error: The sandbox is not in sync with the Podfile.lock. Run 'pod install' or update your CocoaPods installation.\" >&2\n    exit 1\nfi\n# This output is used by Xcode 'outputs' to avoid re-running this script phase.\necho \"SUCCESS\" > \"${SCRIPT_OUTPUT_FILE_0}\"\n";
			showEnvVarsInLog = 0;
		};
		E33D37DBAA958796C0C31F7E /* [CP] Embed Pods Frameworks */ = {
			isa = PBXShellScriptBuildPhase;
			buildActionMask = 2147483647;
			files = (
			);
			inputPaths = (
				"${SRCROOT}/Pods/Target Support Files/Pods-BeApp_Bicloo/Pods-BeApp_Bicloo-frameworks.sh",
				"${BUILT_PRODUCTS_DIR}/Alamofire/Alamofire.framework",
				"${BUILT_PRODUCTS_DIR}/FlatUIColors/FlatUIColors.framework",
				"${BUILT_PRODUCTS_DIR}/Realm/Realm.framework",
				"${BUILT_PRODUCTS_DIR}/RealmSwift/RealmSwift.framework",
			);
			name = "[CP] Embed Pods Frameworks";
			outputPaths = (
				"${TARGET_BUILD_DIR}/${FRAMEWORKS_FOLDER_PATH}/Alamofire.framework",
				"${TARGET_BUILD_DIR}/${FRAMEWORKS_FOLDER_PATH}/FlatUIColors.framework",
				"${TARGET_BUILD_DIR}/${FRAMEWORKS_FOLDER_PATH}/Realm.framework",
				"${TARGET_BUILD_DIR}/${FRAMEWORKS_FOLDER_PATH}/RealmSwift.framework",
			);
			runOnlyForDeploymentPostprocessing = 0;
			shellPath = /bin/sh;
			shellScript = "\"${SRCROOT}/Pods/Target Support Files/Pods-BeApp_Bicloo/Pods-BeApp_Bicloo-frameworks.sh\"\n";
			showEnvVarsInLog = 0;
		};
/* End PBXShellScriptBuildPhase section */

/* Begin PBXSourcesBuildPhase section */
		710B4DD020C5CFA900A89744 /* Sources */ = {
			isa = PBXSourcesBuildPhase;
			buildActionMask = 2147483647;
			files = (
				71F27DB120C966DB004FFA2B /* MessagePopUp.swift in Sources */,
				71B0072820C6807800362F70 /* StationData.swift in Sources */,
				710B4E1020C5D0EB00A89744 /* DetailViewController.swift in Sources */,
				71B0073120C6A63300362F70 /* SegmentedControlCell.swift in Sources */,
				71B31A6520C5D59500B2F0FC /* DataManager.swift in Sources */,
				713CE8FB20C7017E0048C004 /* BikeStationCell.swift in Sources */,
				713CE8FF20C7265F0048C004 /* CustomImageView.swift in Sources */,
				71B31A6820C5D63100B2F0FC /* BikeStation.swift in Sources */,
				710B4DDA20C5CFA900A89744 /* SearchViewController.swift in Sources */,
				710B4DD820C5CFA900A89744 /* AppDelegate.swift in Sources */,
			);
			runOnlyForDeploymentPostprocessing = 0;
		};
		710B4DE720C5CFAC00A89744 /* Sources */ = {
			isa = PBXSourcesBuildPhase;
			buildActionMask = 2147483647;
			files = (
				710B4DF020C5CFAC00A89744 /* BeApp_BiclooTests.swift in Sources */,
			);
			runOnlyForDeploymentPostprocessing = 0;
		};
		710B4DF220C5CFAC00A89744 /* Sources */ = {
			isa = PBXSourcesBuildPhase;
			buildActionMask = 2147483647;
			files = (
				710B4DFB20C5CFAC00A89744 /* BeApp_BiclooUITests.swift in Sources */,
			);
			runOnlyForDeploymentPostprocessing = 0;
		};
/* End PBXSourcesBuildPhase section */

/* Begin PBXTargetDependency section */
		710B4DED20C5CFAC00A89744 /* PBXTargetDependency */ = {
			isa = PBXTargetDependency;
			target = 710B4DD320C5CFA900A89744 /* BeApp_Bicloo */;
			targetProxy = 710B4DEC20C5CFAC00A89744 /* PBXContainerItemProxy */;
		};
		710B4DF820C5CFAC00A89744 /* PBXTargetDependency */ = {
			isa = PBXTargetDependency;
			target = 710B4DD320C5CFA900A89744 /* BeApp_Bicloo */;
			targetProxy = 710B4DF720C5CFAC00A89744 /* PBXContainerItemProxy */;
		};
/* End PBXTargetDependency section */

/* Begin PBXVariantGroup section */
		710B4DDB20C5CFA900A89744 /* SearchView.storyboard */ = {
			isa = PBXVariantGroup;
			children = (
				710B4DDC20C5CFA900A89744 /* Base */,
			);
			name = SearchView.storyboard;
			sourceTree = "<group>";
		};
		710B4DE320C5CFAC00A89744 /* LaunchScreen.storyboard */ = {
			isa = PBXVariantGroup;
			children = (
				710B4DE420C5CFAC00A89744 /* Base */,
			);
			name = LaunchScreen.storyboard;
			sourceTree = "<group>";
		};
/* End PBXVariantGroup section */

/* Begin XCBuildConfiguration section */
		710B4DFD20C5CFAC00A89744 /* Debug */ = {
			isa = XCBuildConfiguration;
			buildSettings = {
				ALWAYS_SEARCH_USER_PATHS = NO;
				CLANG_ANALYZER_NONNULL = YES;
				CLANG_ANALYZER_NUMBER_OBJECT_CONVERSION = YES_AGGRESSIVE;
				CLANG_CXX_LANGUAGE_STANDARD = "gnu++14";
				CLANG_CXX_LIBRARY = "libc++";
				CLANG_ENABLE_MODULES = YES;
				CLANG_ENABLE_OBJC_ARC = YES;
				CLANG_ENABLE_OBJC_WEAK = YES;
				CLANG_WARN_BLOCK_CAPTURE_AUTORELEASING = YES;
				CLANG_WARN_BOOL_CONVERSION = YES;
				CLANG_WARN_COMMA = YES;
				CLANG_WARN_CONSTANT_CONVERSION = YES;
				CLANG_WARN_DEPRECATED_OBJC_IMPLEMENTATIONS = YES;
				CLANG_WARN_DIRECT_OBJC_ISA_USAGE = YES_ERROR;
				CLANG_WARN_DOCUMENTATION_COMMENTS = YES;
				CLANG_WARN_EMPTY_BODY = YES;
				CLANG_WARN_ENUM_CONVERSION = YES;
				CLANG_WARN_INFINITE_RECURSION = YES;
				CLANG_WARN_INT_CONVERSION = YES;
				CLANG_WARN_NON_LITERAL_NULL_CONVERSION = YES;
				CLANG_WARN_OBJC_IMPLICIT_RETAIN_SELF = YES;
				CLANG_WARN_OBJC_LITERAL_CONVERSION = YES;
				CLANG_WARN_OBJC_ROOT_CLASS = YES_ERROR;
				CLANG_WARN_RANGE_LOOP_ANALYSIS = YES;
				CLANG_WARN_STRICT_PROTOTYPES = YES;
				CLANG_WARN_SUSPICIOUS_MOVE = YES;
				CLANG_WARN_UNGUARDED_AVAILABILITY = YES_AGGRESSIVE;
				CLANG_WARN_UNREACHABLE_CODE = YES;
				CLANG_WARN__DUPLICATE_METHOD_MATCH = YES;
				CODE_SIGN_IDENTITY = "iPhone Developer";
				COPY_PHASE_STRIP = NO;
				DEBUG_INFORMATION_FORMAT = dwarf;
				ENABLE_STRICT_OBJC_MSGSEND = YES;
				ENABLE_TESTABILITY = YES;
				GCC_C_LANGUAGE_STANDARD = gnu11;
				GCC_DYNAMIC_NO_PIC = NO;
				GCC_NO_COMMON_BLOCKS = YES;
				GCC_OPTIMIZATION_LEVEL = 0;
				GCC_PREPROCESSOR_DEFINITIONS = (
					"DEBUG=1",
					"$(inherited)",
				);
				GCC_WARN_64_TO_32_BIT_CONVERSION = YES;
				GCC_WARN_ABOUT_RETURN_TYPE = YES_ERROR;
				GCC_WARN_UNDECLARED_SELECTOR = YES;
				GCC_WARN_UNINITIALIZED_AUTOS = YES_AGGRESSIVE;
				GCC_WARN_UNUSED_FUNCTION = YES;
				GCC_WARN_UNUSED_VARIABLE = YES;
				IPHONEOS_DEPLOYMENT_TARGET = 11.3;
				MTL_ENABLE_DEBUG_INFO = YES;
				ONLY_ACTIVE_ARCH = YES;
				SDKROOT = iphoneos;
				SWIFT_ACTIVE_COMPILATION_CONDITIONS = DEBUG;
				SWIFT_OPTIMIZATION_LEVEL = "-Onone";
			};
			name = Debug;
		};
		710B4DFE20C5CFAC00A89744 /* Release */ = {
			isa = XCBuildConfiguration;
			buildSettings = {
				ALWAYS_SEARCH_USER_PATHS = NO;
				CLANG_ANALYZER_NONNULL = YES;
				CLANG_ANALYZER_NUMBER_OBJECT_CONVERSION = YES_AGGRESSIVE;
				CLANG_CXX_LANGUAGE_STANDARD = "gnu++14";
				CLANG_CXX_LIBRARY = "libc++";
				CLANG_ENABLE_MODULES = YES;
				CLANG_ENABLE_OBJC_ARC = YES;
				CLANG_ENABLE_OBJC_WEAK = YES;
				CLANG_WARN_BLOCK_CAPTURE_AUTORELEASING = YES;
				CLANG_WARN_BOOL_CONVERSION = YES;
				CLANG_WARN_COMMA = YES;
				CLANG_WARN_CONSTANT_CONVERSION = YES;
				CLANG_WARN_DEPRECATED_OBJC_IMPLEMENTATIONS = YES;
				CLANG_WARN_DIRECT_OBJC_ISA_USAGE = YES_ERROR;
				CLANG_WARN_DOCUMENTATION_COMMENTS = YES;
				CLANG_WARN_EMPTY_BODY = YES;
				CLANG_WARN_ENUM_CONVERSION = YES;
				CLANG_WARN_INFINITE_RECURSION = YES;
				CLANG_WARN_INT_CONVERSION = YES;
				CLANG_WARN_NON_LITERAL_NULL_CONVERSION = YES;
				CLANG_WARN_OBJC_IMPLICIT_RETAIN_SELF = YES;
				CLANG_WARN_OBJC_LITERAL_CONVERSION = YES;
				CLANG_WARN_OBJC_ROOT_CLASS = YES_ERROR;
				CLANG_WARN_RANGE_LOOP_ANALYSIS = YES;
				CLANG_WARN_STRICT_PROTOTYPES = YES;
				CLANG_WARN_SUSPICIOUS_MOVE = YES;
				CLANG_WARN_UNGUARDED_AVAILABILITY = YES_AGGRESSIVE;
				CLANG_WARN_UNREACHABLE_CODE = YES;
				CLANG_WARN__DUPLICATE_METHOD_MATCH = YES;
				CODE_SIGN_IDENTITY = "iPhone Developer";
				COPY_PHASE_STRIP = NO;
				DEBUG_INFORMATION_FORMAT = "dwarf-with-dsym";
				ENABLE_NS_ASSERTIONS = NO;
				ENABLE_STRICT_OBJC_MSGSEND = YES;
				GCC_C_LANGUAGE_STANDARD = gnu11;
				GCC_NO_COMMON_BLOCKS = YES;
				GCC_WARN_64_TO_32_BIT_CONVERSION = YES;
				GCC_WARN_ABOUT_RETURN_TYPE = YES_ERROR;
				GCC_WARN_UNDECLARED_SELECTOR = YES;
				GCC_WARN_UNINITIALIZED_AUTOS = YES_AGGRESSIVE;
				GCC_WARN_UNUSED_FUNCTION = YES;
				GCC_WARN_UNUSED_VARIABLE = YES;
				IPHONEOS_DEPLOYMENT_TARGET = 11.3;
				MTL_ENABLE_DEBUG_INFO = NO;
				SDKROOT = iphoneos;
				SWIFT_COMPILATION_MODE = wholemodule;
				SWIFT_OPTIMIZATION_LEVEL = "-O";
				VALIDATE_PRODUCT = YES;
			};
			name = Release;
		};
		710B4E0020C5CFAC00A89744 /* Debug */ = {
			isa = XCBuildConfiguration;
			baseConfigurationReference = C04920348C93DFCDE86D4365 /* Pods-BeApp_Bicloo.debug.xcconfig */;
			buildSettings = {
				ASSETCATALOG_COMPILER_APPICON_NAME = AppIcon;
				CODE_SIGN_STYLE = Automatic;
				DEVELOPMENT_TEAM = Q6R42C3K2F;
				INFOPLIST_FILE = "$(SRCROOT)/BeApp_Bicloo/Ressources/Info.plist";
				LD_RUNPATH_SEARCH_PATHS = "$(inherited) @executable_path/Frameworks";
				PRODUCT_BUNDLE_IDENTIFIER = "com.aricheux.BeApp-Bicloo";
				PRODUCT_NAME = "$(TARGET_NAME)";
				SWIFT_VERSION = 4.0;
				TARGETED_DEVICE_FAMILY = "1,2";
			};
			name = Debug;
		};
		710B4E0120C5CFAC00A89744 /* Release */ = {
			isa = XCBuildConfiguration;
			baseConfigurationReference = 7367471C1FDAEAF09C7803A7 /* Pods-BeApp_Bicloo.release.xcconfig */;
			buildSettings = {
				ASSETCATALOG_COMPILER_APPICON_NAME = AppIcon;
				CODE_SIGN_STYLE = Automatic;
				DEVELOPMENT_TEAM = Q6R42C3K2F;
				INFOPLIST_FILE = "$(SRCROOT)/BeApp_Bicloo/Ressources/Info.plist";
				LD_RUNPATH_SEARCH_PATHS = "$(inherited) @executable_path/Frameworks";
				PRODUCT_BUNDLE_IDENTIFIER = "com.aricheux.BeApp-Bicloo";
				PRODUCT_NAME = "$(TARGET_NAME)";
				SWIFT_VERSION = 4.0;
				TARGETED_DEVICE_FAMILY = "1,2";
			};
			name = Release;
		};
		710B4E0320C5CFAC00A89744 /* Debug */ = {
			isa = XCBuildConfiguration;
			baseConfigurationReference = B10EA47FCEE27E76AB1F1EB0 /* Pods-BeApp_BiclooTests.debug.xcconfig */;
			buildSettings = {
				ALWAYS_EMBED_SWIFT_STANDARD_LIBRARIES = YES;
				BUNDLE_LOADER = "$(TEST_HOST)";
				CODE_SIGN_STYLE = Automatic;
				DEVELOPMENT_TEAM = Q6R42C3K2F;
				INFOPLIST_FILE = BeApp_BiclooTests/Info.plist;
				LD_RUNPATH_SEARCH_PATHS = "$(inherited) @executable_path/Frameworks @loader_path/Frameworks";
				PRODUCT_BUNDLE_IDENTIFIER = "com.aricheux.BeApp-BiclooTests";
				PRODUCT_NAME = "$(TARGET_NAME)";
				SWIFT_VERSION = 4.0;
				TARGETED_DEVICE_FAMILY = "1,2";
				TEST_HOST = "$(BUILT_PRODUCTS_DIR)/BeApp_Bicloo.app/BeApp_Bicloo";
			};
			name = Debug;
		};
		710B4E0420C5CFAC00A89744 /* Release */ = {
			isa = XCBuildConfiguration;
			baseConfigurationReference = 12192E0B84D8FA2AC32FE93C /* Pods-BeApp_BiclooTests.release.xcconfig */;
			buildSettings = {
				ALWAYS_EMBED_SWIFT_STANDARD_LIBRARIES = YES;
				BUNDLE_LOADER = "$(TEST_HOST)";
				CODE_SIGN_STYLE = Automatic;
				DEVELOPMENT_TEAM = Q6R42C3K2F;
				INFOPLIST_FILE = BeApp_BiclooTests/Info.plist;
				LD_RUNPATH_SEARCH_PATHS = "$(inherited) @executable_path/Frameworks @loader_path/Frameworks";
				PRODUCT_BUNDLE_IDENTIFIER = "com.aricheux.BeApp-BiclooTests";
				PRODUCT_NAME = "$(TARGET_NAME)";
				SWIFT_VERSION = 4.0;
				TARGETED_DEVICE_FAMILY = "1,2";
				TEST_HOST = "$(BUILT_PRODUCTS_DIR)/BeApp_Bicloo.app/BeApp_Bicloo";
			};
			name = Release;
		};
		710B4E0620C5CFAC00A89744 /* Debug */ = {
			isa = XCBuildConfiguration;
			baseConfigurationReference = 527099A97BE19B63E5A84E72 /* Pods-BeApp_BiclooUITests.debug.xcconfig */;
			buildSettings = {
				ALWAYS_EMBED_SWIFT_STANDARD_LIBRARIES = YES;
				CODE_SIGN_STYLE = Automatic;
				DEVELOPMENT_TEAM = Q6R42C3K2F;
				INFOPLIST_FILE = BeApp_BiclooUITests/Info.plist;
				LD_RUNPATH_SEARCH_PATHS = "$(inherited) @executable_path/Frameworks @loader_path/Frameworks";
				PRODUCT_BUNDLE_IDENTIFIER = "com.aricheux.BeApp-BiclooUITests";
				PRODUCT_NAME = "$(TARGET_NAME)";
				SWIFT_VERSION = 4.0;
				TARGETED_DEVICE_FAMILY = "1,2";
				TEST_TARGET_NAME = BeApp_Bicloo;
			};
			name = Debug;
		};
		710B4E0720C5CFAC00A89744 /* Release */ = {
			isa = XCBuildConfiguration;
			baseConfigurationReference = E9511677AFDFF2ABB704044A /* Pods-BeApp_BiclooUITests.release.xcconfig */;
			buildSettings = {
				ALWAYS_EMBED_SWIFT_STANDARD_LIBRARIES = YES;
				CODE_SIGN_STYLE = Automatic;
				DEVELOPMENT_TEAM = Q6R42C3K2F;
				INFOPLIST_FILE = BeApp_BiclooUITests/Info.plist;
				LD_RUNPATH_SEARCH_PATHS = "$(inherited) @executable_path/Frameworks @loader_path/Frameworks";
				PRODUCT_BUNDLE_IDENTIFIER = "com.aricheux.BeApp-BiclooUITests";
				PRODUCT_NAME = "$(TARGET_NAME)";
				SWIFT_VERSION = 4.0;
				TARGETED_DEVICE_FAMILY = "1,2";
				TEST_TARGET_NAME = BeApp_Bicloo;
			};
			name = Release;
		};
/* End XCBuildConfiguration section */

/* Begin XCConfigurationList section */
		710B4DCF20C5CFA900A89744 /* Build configuration list for PBXProject "BeApp_Bicloo" */ = {
			isa = XCConfigurationList;
			buildConfigurations = (
				710B4DFD20C5CFAC00A89744 /* Debug */,
				710B4DFE20C5CFAC00A89744 /* Release */,
			);
			defaultConfigurationIsVisible = 0;
			defaultConfigurationName = Release;
		};
		710B4DFF20C5CFAC00A89744 /* Build configuration list for PBXNativeTarget "BeApp_Bicloo" */ = {
			isa = XCConfigurationList;
			buildConfigurations = (
				710B4E0020C5CFAC00A89744 /* Debug */,
				710B4E0120C5CFAC00A89744 /* Release */,
			);
			defaultConfigurationIsVisible = 0;
			defaultConfigurationName = Release;
		};
		710B4E0220C5CFAC00A89744 /* Build configuration list for PBXNativeTarget "BeApp_BiclooTests" */ = {
			isa = XCConfigurationList;
			buildConfigurations = (
				710B4E0320C5CFAC00A89744 /* Debug */,
				710B4E0420C5CFAC00A89744 /* Release */,
			);
			defaultConfigurationIsVisible = 0;
			defaultConfigurationName = Release;
		};
		710B4E0520C5CFAC00A89744 /* Build configuration list for PBXNativeTarget "BeApp_BiclooUITests" */ = {
			isa = XCConfigurationList;
			buildConfigurations = (
				710B4E0620C5CFAC00A89744 /* Debug */,
				710B4E0720C5CFAC00A89744 /* Release */,
			);
			defaultConfigurationIsVisible = 0;
			defaultConfigurationName = Release;
		};
/* End XCConfigurationList section */
	};
	rootObject = 710B4DCC20C5CFA900A89744 /* Project object */;
}
